{
  "name": "json-to-code",
  "version": "0.1.0",
  "lockfileVersion": 2,
  "requires": true,
  "packages": {
    "": {
      "version": "0.1.0",
      "license": "CC0-1.0",
      "dependencies": {
        "advarr": "^0.4.0",
        "declare-vars": "^0.1.0",
        "deconcat": "^0.0.1",
        "deep-counter": "^0.0.2",
        "deepest-walk": "^0.1.0",
        "min-quote": "*",
        "n-gram-counter": "*",
        "separo": "^0.0.2",
        "striptags": "^3.1.1",
        "var-names": "*"
      },
      "devDependencies": {
        "flug": "^0.0.0"
      }
    },
    "node_modules/advarr": {
      "version": "0.4.0",
      "resolved": "https://registry.npmjs.org/advarr/-/advarr-0.4.0.tgz",
      "integrity": "sha512-XoXoOugwb750CUYywMVIEzInW/5ii+CgQCunK4lS2M73Tt1WdTR7nmGXqlx8QwBgGr/IxsIlQtbnM1mq4G8w8A=="
    },
    "node_modules/declare-vars": {
      "version": "0.1.0",
      "resolved": "https://registry.npmjs.org/declare-vars/-/declare-vars-0.1.0.tgz",
      "integrity": "sha512-W8AUQCdXw+uecW+9YKkoJBC9ofwsXSzDIqBvDxMrf/CA9WpkWZq7apYiXzuhR2dSJKWAtnGfvT63dzRcxcbjoA==",
      "dependencies": {
        "min-quote": "*"
      }
    },
    "node_modules/deconcat": {
      "version": "0.0.1",
      "resolved": "https://registry.npmjs.org/deconcat/-/deconcat-0.0.1.tgz",
      "integrity": "sha512-62Bu8KOm8Xssz4bS53RUBbtI61RChuTtgUXaRU4eS5MeGu2KvzgyB9rQf3g8F8EQ3g5jj/TqJaS9hVEy4Z0Byg=="
    },
    "node_modules/deep-counter": {
      "version": "0.0.2",
      "resolved": "https://registry.npmjs.org/deep-counter/-/deep-counter-0.0.2.tgz",
      "integrity": "sha512-dgKcnuyIypAJ1ds/97Umz+QKg03zG3b/AU6mHDBmhW1elcVde/fwplkvliGMiLYzcq3cnQrtnwH23dfR9M/Bcg=="
    },
    "node_modules/deepest-walk": {
      "version": "0.1.0",
      "resolved": "https://registry.npmjs.org/deepest-walk/-/deepest-walk-0.1.0.tgz",
      "integrity": "sha512-ZPcKuN13ZXWAD5ZiWmgA3u/VPQrbDzTU+eAjr6rEjF0bmtbU5AFk33jAPiOJ+T9B/idfhFGqcLu853Kn3sIVUA==",
      "dependencies": {
        "advarr": "^0.4.0",
        "replace-key": "^0.0.0"
      }
    },
    "node_modules/flug": {
      "version": "0.0.0",
      "resolved": "https://registry.npmjs.org/flug/-/flug-0.0.0.tgz",
      "integrity": "sha512-gTVGq4akhHvjG6jfPsnhDraweN+WBwxYrCgn9ZqVv36Y+r/yj6TJwwV/BhSsBAQdHoBmB+TmgQRO0MoKQwUoWA==",
      "dev": true
    },
    "node_modules/min-quote": {
      "version": "0.0.0",
      "resolved": "https://registry.npmjs.org/min-quote/-/min-quote-0.0.0.tgz",
      "integrity": "sha512-+uxWXbAuJ8+x+UIsohkmh0h31J6Oy//2ZPMgL1eggZzLg/HeK8cCLw71hDvj8SfSD7rk+3bg5+nXscWNIIbxfw=="
    },
    "node_modules/n-gram-counter": {
      "version": "0.0.0",
      "resolved": "https://registry.npmjs.org/n-gram-counter/-/n-gram-counter-0.0.0.tgz",
      "integrity": "sha512-arT9CBKZXJ/D+Db+tjcEoOwkkSB2PgA6/7jeVJPQ1puDXbglVYnbGKZD3nB0uElmceHIJ2Hst+C1ky51ju2ZHw=="
    },
    "node_modules/replace-key": {
      "version": "0.0.0",
      "resolved": "https://registry.npmjs.org/replace-key/-/replace-key-0.0.0.tgz",
      "integrity": "sha512-LMDQCqvtzHjgJA4rtyXiPA/p4jBn/5Ix8ognD8pXCsD+Q10iXpL19WUxFSYTvnMsAL3DKsJspHcWgc3/AB8eDA=="
    },
    "node_modules/separo": {
      "version": "0.0.2",
      "resolved": "https://registry.npmjs.org/separo/-/separo-0.0.2.tgz",
      "integrity": "sha512-3k2HmQYVjyBcIGb65D6yKzyKkmMOC87L5t34PmWmmC4L5okCzkdcYg++F7XhgTXZfiwQSP/6qjw4j0o/9CuhtA=="
    },
    "node_modules/striptags": {
      "version": "3.1.1",
      "resolved": "https://registry.npmjs.org/striptags/-/striptags-3.1.1.tgz",
      "integrity": "sha1-yMPn/db7S7OjKjt1LltePjgJPr0="
    },
    "node_modules/var-names": {
      "version": "0.0.0",
      "resolved": "https://registry.npmjs.org/var-names/-/var-names-0.0.0.tgz",
      "integrity": "sha512-dW5wCyBN7IE0OmmajK//Kx78D0pY0KJQuk4VhexjipZf2U2xGAEKrp8kFy65mPvWa2m3xDWUFSc6IaDM2Cowcw=="
    }
  },
  "dependencies": {
    "advarr": {
      "version": "0.4.0",
      "resolved": "https://registry.npmjs.org/advarr/-/advarr-0.4.0.tgz",
      "integrity": "sha512-XoXoOugwb750CUYywMVIEzInW/5ii+CgQCunK4lS2M73Tt1WdTR7nmGXqlx8QwBgGr/IxsIlQtbnM1mq4G8w8A=="
    },
    "declare-vars": {
      "version": "0.1.0",
      "resolved": "https://registry.npmjs.org/declare-vars/-/declare-vars-0.1.0.tgz",
      "integrity": "sha512-W8AUQCdXw+uecW+9YKkoJBC9ofwsXSzDIqBvDxMrf/CA9WpkWZq7apYiXzuhR2dSJKWAtnGfvT63dzRcxcbjoA==",
      "requires": {
        "min-quote": "*"
      }
    },
    "deconcat": {
      "version": "0.0.1",
      "resolved": "https://registry.npmjs.org/deconcat/-/deconcat-0.0.1.tgz",
      "integrity": "sha512-62Bu8KOm8Xssz4bS53RUBbtI61RChuTtgUXaRU4eS5MeGu2KvzgyB9rQf3g8F8EQ3g5jj/TqJaS9hVEy4Z0Byg=="
    },
    "deep-counter": {
      "version": "0.0.2",
      "resolved": "https://registry.npmjs.org/deep-counter/-/deep-counter-0.0.2.tgz",
      "integrity": "sha512-dgKcnuyIypAJ1ds/97Umz+QKg03zG3b/AU6mHDBmhW1elcVde/fwplkvliGMiLYzcq3cnQrtnwH23dfR9M/Bcg=="
    },
    "deepest-walk": {
      "version": "0.1.0",
      "resolved": "https://registry.npmjs.org/deepest-walk/-/deepest-walk-0.1.0.tgz",
      "integrity": "sha512-ZPcKuN13ZXWAD5ZiWmgA3u/VPQrbDzTU+eAjr6rEjF0bmtbU5AFk33jAPiOJ+T9B/idfhFGqcLu853Kn3sIVUA==",
      "requires": {
        "advarr": "^0.4.0",
        "replace-key": "^0.0.0"
      }
    },
    "flug": {
      "version": "0.0.0",
      "resolved": "https://registry.npmjs.org/flug/-/flug-0.0.0.tgz",
      "integrity": "sha512-gTVGq4akhHvjG6jfPsnhDraweN+WBwxYrCgn9ZqVv36Y+r/yj6TJwwV/BhSsBAQdHoBmB+TmgQRO0MoKQwUoWA==",
      "dev": true
    },
    "min-quote": {
      "version": "0.0.0",
      "resolved": "https://registry.npmjs.org/min-quote/-/min-quote-0.0.0.tgz",
      "integrity": "sha512-+uxWXbAuJ8+x+UIsohkmh0h31J6Oy//2ZPMgL1eggZzLg/HeK8cCLw71hDvj8SfSD7rk+3bg5+nXscWNIIbxfw=="
    },
    "n-gram-counter": {
      "version": "0.0.0",
      "resolved": "https://registry.npmjs.org/n-gram-counter/-/n-gram-counter-0.0.0.tgz",
      "integrity": "sha512-arT9CBKZXJ/D+Db+tjcEoOwkkSB2PgA6/7jeVJPQ1puDXbglVYnbGKZD3nB0uElmceHIJ2Hst+C1ky51ju2ZHw=="
    },
    "replace-key": {
      "version": "0.0.0",
      "resolved": "https://registry.npmjs.org/replace-key/-/replace-key-0.0.0.tgz",
      "integrity": "sha512-LMDQCqvtzHjgJA4rtyXiPA/p4jBn/5Ix8ognD8pXCsD+Q10iXpL19WUxFSYTvnMsAL3DKsJspHcWgc3/AB8eDA=="
    },
    "separo": {
      "version": "0.0.2",
      "resolved": "https://registry.npmjs.org/separo/-/separo-0.0.2.tgz",
      "integrity": "sha512-3k2HmQYVjyBcIGb65D6yKzyKkmMOC87L5t34PmWmmC4L5okCzkdcYg++F7XhgTXZfiwQSP/6qjw4j0o/9CuhtA=="
    },
    "striptags": {
      "version": "3.1.1",
      "resolved": "https://registry.npmjs.org/striptags/-/striptags-3.1.1.tgz",
      "integrity": "sha1-yMPn/db7S7OjKjt1LltePjgJPr0="
    },
    "var-names": {
      "version": "0.0.0",
      "resolved": "https://registry.npmjs.org/var-names/-/var-names-0.0.0.tgz",
      "integrity": "sha512-dW5wCyBN7IE0OmmajK//Kx78D0pY0KJQuk4VhexjipZf2U2xGAEKrp8kFy65mPvWa2m3xDWUFSc6IaDM2Cowcw=="
    }
  }
}
